
Microsoft Visual Studio Solution File, Format Version 12.00
# Visual Studio Version 16
VisualStudioVersion = 16.0.31911.196
MinimumVisualStudioVersion = 10.0.40219.1
Project("{FAE04EC0-301F-11D3-BF4B-00C04F79EFBC}") = "PieShop", "PieShop.csproj", "{ABB65866-E560-42F2-ABFC-5DC3EC6368E4}"
EndProject
Global
	GlobalSection(SolutionConfigurationPlatforms) = preSolution
		Debug|Any CPU = Debug|Any CPU
		Release|Any CPU = Release|Any CPU
	EndGlobalSection
	GlobalSection(ProjectConfigurationPlatforms) = postSolution
		{ABB65866-E560-42F2-ABFC-5DC3EC6368E4}.Debug|Any CPU.ActiveCfg = Debug|Any CPU
		{ABB65866-E560-42F2-ABFC-5DC3EC6368E4}.Debug|Any CPU.Build.0 = Debug|Any CPU
		{ABB65866-E560-42F2-ABFC-5DC3EC6368E4}.Release|Any CPU.ActiveCfg = Release|Any CPU
		{ABB65866-E560-42F2-ABFC-5DC3EC6368E4}.Release|Any CPU.Build.0 = Release|Any CPU
	EndGlobalSection
	GlobalSection(SolutionProperties) = preSolution
		HideSolutionNode = FALSE
	EndGlobalSection
	GlobalSection(ExtensibilityGlobals) = postSolution
		SolutionGuid = {4EB93F05-9890-4EEC-A3AB-BB2617EC4043}
	EndGlobalSection
EndGlobal
